
Microsoft Visual Studio Solution File, Format Version 12.00
# Visual Studio Version 16
VisualStudioVersion = 16.0.29324.140
MinimumVisualStudioVersion = 10.0.40219.1
Project("{9A19103F-16F7-4668-BE54-9A1E7A4F7556}") = "QA.DPC.PDFServer.WebApi", "QA.DPC.PDFServer.WebApi\QA.DPC.PDFServer.WebApi.csproj", "{54A95A28-EBF4-4150-8FC8-B564C3464B4C}"
EndProject
Project("{9A19103F-16F7-4668-BE54-9A1E7A4F7556}") = "QA.DPC.PDFServer.Services", "QA.DPC.PDFServer.Services\QA.DPC.PDFServer.Services.csproj", "{E30EAE9D-C33A-4F46-93C8-6250910EB586}"
EndProject
Project("{FAE04EC0-301F-11D3-BF4B-00C04F79EFBC}") = "QA.DPC.PdfServer.CmdPdfConverter", "QA.DPC.PdfServer.CmdPdfConverter\QA.DPC.PdfServer.CmdPdfConverter.csproj", "{F01BD00A-C6B0-4850-8114-EB843A0A3B7E}"
EndProject
Project("{FAE04EC0-301F-11D3-BF4B-00C04F79EFBC}") = "QA.DPC.PDFServer.PdfGenerator", "QA.DPC.PDFServer.PdfGenerator\QA.DPC.PDFServer.PdfGenerator.csproj", "{95C1CA12-2AF4-455B-AB65-64C03D74FDCF}"
EndProject
Project("{FAE04EC0-301F-11D3-BF4B-00C04F79EFBC}") = "QA.DPC.PdfServer.DevApi", "QA.DPC.PdfServer.DevApi\QA.DPC.PdfServer.DevApi.csproj", "{C584541C-E6F4-430A-B049-8F5122183CF3}"
EndProject
Global
	GlobalSection(SolutionConfigurationPlatforms) = preSolution
		Debug|Any CPU = Debug|Any CPU
		Release|Any CPU = Release|Any CPU
	EndGlobalSection
	GlobalSection(ProjectConfigurationPlatforms) = postSolution
		{54A95A28-EBF4-4150-8FC8-B564C3464B4C}.Debug|Any CPU.ActiveCfg = Debug|Any CPU
		{54A95A28-EBF4-4150-8FC8-B564C3464B4C}.Debug|Any CPU.Build.0 = Debug|Any CPU
		{54A95A28-EBF4-4150-8FC8-B564C3464B4C}.Release|Any CPU.ActiveCfg = Release|Any CPU
		{54A95A28-EBF4-4150-8FC8-B564C3464B4C}.Release|Any CPU.Build.0 = Release|Any CPU
		{E30EAE9D-C33A-4F46-93C8-6250910EB586}.Debug|Any CPU.ActiveCfg = Debug|Any CPU
		{E30EAE9D-C33A-4F46-93C8-6250910EB586}.Debug|Any CPU.Build.0 = Debug|Any CPU
		{E30EAE9D-C33A-4F46-93C8-6250910EB586}.Release|Any CPU.ActiveCfg = Release|Any CPU
		{E30EAE9D-C33A-4F46-93C8-6250910EB586}.Release|Any CPU.Build.0 = Release|Any CPU
		{F01BD00A-C6B0-4850-8114-EB843A0A3B7E}.Debug|Any CPU.ActiveCfg = Debug|Any CPU
		{F01BD00A-C6B0-4850-8114-EB843A0A3B7E}.Debug|Any CPU.Build.0 = Debug|Any CPU
		{F01BD00A-C6B0-4850-8114-EB843A0A3B7E}.Release|Any CPU.ActiveCfg = Release|Any CPU
		{F01BD00A-C6B0-4850-8114-EB843A0A3B7E}.Release|Any CPU.Build.0 = Release|Any CPU
		{95C1CA12-2AF4-455B-AB65-64C03D74FDCF}.Debug|Any CPU.ActiveCfg = Debug|Any CPU
		{95C1CA12-2AF4-455B-AB65-64C03D74FDCF}.Debug|Any CPU.Build.0 = Debug|Any CPU
		{95C1CA12-2AF4-455B-AB65-64C03D74FDCF}.Release|Any CPU.ActiveCfg = Release|Any CPU
		{95C1CA12-2AF4-455B-AB65-64C03D74FDCF}.Release|Any CPU.Build.0 = Release|Any CPU
		{C584541C-E6F4-430A-B049-8F5122183CF3}.Debug|Any CPU.ActiveCfg = Debug|Any CPU
		{C584541C-E6F4-430A-B049-8F5122183CF3}.Debug|Any CPU.Build.0 = Debug|Any CPU
		{C584541C-E6F4-430A-B049-8F5122183CF3}.Release|Any CPU.ActiveCfg = Release|Any CPU
		{C584541C-E6F4-430A-B049-8F5122183CF3}.Release|Any CPU.Build.0 = Release|Any CPU
	EndGlobalSection
	GlobalSection(SolutionProperties) = preSolution
		HideSolutionNode = FALSE
	EndGlobalSection
	GlobalSection(ExtensibilityGlobals) = postSolution
		SolutionGuid = {89EB5C71-041D-4D12-8296-9F436103E8B0}
	EndGlobalSection
EndGlobal
