
Microsoft Visual Studio Solution File, Format Version 12.00
# Visual Studio 15
VisualStudioVersion = 15.0.26730.3
MinimumVisualStudioVersion = 10.0.40219.1
Project("{9A19103F-16F7-4668-BE54-9A1E7A4F7556}") = "QA.DPC.PDFServer.WebApi", "QA.DPC.PDFServer.WebApi\QA.DPC.PDFServer.WebApi.csproj", "{54A95A28-EBF4-4150-8FC8-B564C3464B4C}"
EndProject
Project("{FAE04EC0-301F-11D3-BF4B-00C04F79EFBC}") = "QA.DPC.PDFServer.Services", "QA.DPC.PDFServer.Services\QA.DPC.PDFServer.Services.csproj", "{E30EAE9D-C33A-4F46-93C8-6250910EB586}"
EndProject
Global
	GlobalSection(SolutionConfigurationPlatforms) = preSolution
		Debug|Any CPU = Debug|Any CPU
		Release|Any CPU = Release|Any CPU
	EndGlobalSection
	GlobalSection(ProjectConfigurationPlatforms) = postSolution
		{54A95A28-EBF4-4150-8FC8-B564C3464B4C}.Debug|Any CPU.ActiveCfg = Debug|Any CPU
		{54A95A28-EBF4-4150-8FC8-B564C3464B4C}.Debug|Any CPU.Build.0 = Debug|Any CPU
		{54A95A28-EBF4-4150-8FC8-B564C3464B4C}.Release|Any CPU.ActiveCfg = Release|Any CPU
		{54A95A28-EBF4-4150-8FC8-B564C3464B4C}.Release|Any CPU.Build.0 = Release|Any CPU
		{E30EAE9D-C33A-4F46-93C8-6250910EB586}.Debug|Any CPU.ActiveCfg = Debug|Any CPU
		{E30EAE9D-C33A-4F46-93C8-6250910EB586}.Debug|Any CPU.Build.0 = Debug|Any CPU
		{E30EAE9D-C33A-4F46-93C8-6250910EB586}.Release|Any CPU.ActiveCfg = Release|Any CPU
		{E30EAE9D-C33A-4F46-93C8-6250910EB586}.Release|Any CPU.Build.0 = Release|Any CPU
	EndGlobalSection
	GlobalSection(SolutionProperties) = preSolution
		HideSolutionNode = FALSE
	EndGlobalSection
	GlobalSection(ExtensibilityGlobals) = postSolution
		SolutionGuid = {89EB5C71-041D-4D12-8296-9F436103E8B0}
	EndGlobalSection
EndGlobal
